
Microsoft Visual Studio Solution File, Format Version 12.00
# Visual Studio Version 17
VisualStudioVersion = 17.14.36301.6
MinimumVisualStudioVersion = 10.0.40219.1
Project("{2150E333-8FDC-42A3-9474-1A3956D46DE8}") = "src", "src", "{02EA681E-C7D8-13C7-8484-4AC65E1B71E8}"
EndProject
Project("{FAE04EC0-301F-11D3-BF4B-00C04F79EFBC}") = "Electricity.Api", "src\Electricity.Api\Electricity.Api.csproj", "{B28CC3D9-7B17-64ED-8158-940D986F5D08}"
EndProject
Project("{2150E333-8FDC-42A3-9474-1A3956D46DE8}") = "tests", "tests", "{812E93F4-E256-47A6-AFFE-AC2E4654E193}"
EndProject
Project("{FAE04EC0-301F-11D3-BF4B-00C04F79EFBC}") = "Electricity.Api.Tests", "tests\Electricity.Api.Tests\Electricity.Api.Tests.csproj", "{F4E901F2-FF49-129B-C14F-73C054A81113}"
EndProject
Project("{FAE04EC0-301F-11D3-BF4B-00C04F79EFBC}") = "Electricity.Appication.Tests", "tests\Electricity.Appication.Tests\Electricity.Appication.Tests.csproj", "{365BB756-177E-EECA-B021-7F5B94857179}"
EndProject
Project("{FAE04EC0-301F-11D3-BF4B-00C04F79EFBC}") = "Electricity.Infrastructure", "src\Electricity.Infrastructure\Electricity.Infrastructure.csproj", "{4D5BB200-2DFD-4942-0BC5-D52FBF78166D}"
EndProject
Project("{FAE04EC0-301F-11D3-BF4B-00C04F79EFBC}") = "Electricity.Application", "src\Electricity.Application\Electricity.Application.csproj", "{427AB059-1378-3826-886C-62F3E779DCC9}"
EndProject
Project("{FAE04EC0-301F-11D3-BF4B-00C04F79EFBC}") = "Electricity.Domain", "src\Electricity.Domain\Electricity.Domain.csproj", "{00131FA0-7E8A-5F46-FFD0-545624E2370F}"
EndProject
Project("{FAE04EC0-301F-11D3-BF4B-00C04F79EFBC}") = "Electricity.Worker", "src\Electricity.Worker\Electricity.Worker.csproj", "{4CCEDB6F-42C5-5D41-225B-2323849B40B2}"
EndProject
Global
	GlobalSection(SolutionConfigurationPlatforms) = preSolution
		Debug|Any CPU = Debug|Any CPU
		Release|Any CPU = Release|Any CPU
	EndGlobalSection
	GlobalSection(ProjectConfigurationPlatforms) = postSolution
		{B28CC3D9-7B17-64ED-8158-940D986F5D08}.Debug|Any CPU.ActiveCfg = Debug|Any CPU
		{B28CC3D9-7B17-64ED-8158-940D986F5D08}.Debug|Any CPU.Build.0 = Debug|Any CPU
		{B28CC3D9-7B17-64ED-8158-940D986F5D08}.Release|Any CPU.ActiveCfg = Release|Any CPU
		{B28CC3D9-7B17-64ED-8158-940D986F5D08}.Release|Any CPU.Build.0 = Release|Any CPU
		{F4E901F2-FF49-129B-C14F-73C054A81113}.Debug|Any CPU.ActiveCfg = Debug|Any CPU
		{F4E901F2-FF49-129B-C14F-73C054A81113}.Debug|Any CPU.Build.0 = Debug|Any CPU
		{F4E901F2-FF49-129B-C14F-73C054A81113}.Release|Any CPU.ActiveCfg = Release|Any CPU
		{F4E901F2-FF49-129B-C14F-73C054A81113}.Release|Any CPU.Build.0 = Release|Any CPU
		{365BB756-177E-EECA-B021-7F5B94857179}.Debug|Any CPU.ActiveCfg = Debug|Any CPU
		{365BB756-177E-EECA-B021-7F5B94857179}.Debug|Any CPU.Build.0 = Debug|Any CPU
		{365BB756-177E-EECA-B021-7F5B94857179}.Release|Any CPU.ActiveCfg = Release|Any CPU
		{365BB756-177E-EECA-B021-7F5B94857179}.Release|Any CPU.Build.0 = Release|Any CPU
		{4D5BB200-2DFD-4942-0BC5-D52FBF78166D}.Debug|Any CPU.ActiveCfg = Debug|Any CPU
		{4D5BB200-2DFD-4942-0BC5-D52FBF78166D}.Debug|Any CPU.Build.0 = Debug|Any CPU
		{4D5BB200-2DFD-4942-0BC5-D52FBF78166D}.Release|Any CPU.ActiveCfg = Release|Any CPU
		{4D5BB200-2DFD-4942-0BC5-D52FBF78166D}.Release|Any CPU.Build.0 = Release|Any CPU
		{427AB059-1378-3826-886C-62F3E779DCC9}.Debug|Any CPU.ActiveCfg = Debug|Any CPU
		{427AB059-1378-3826-886C-62F3E779DCC9}.Debug|Any CPU.Build.0 = Debug|Any CPU
		{427AB059-1378-3826-886C-62F3E779DCC9}.Release|Any CPU.ActiveCfg = Release|Any CPU
		{427AB059-1378-3826-886C-62F3E779DCC9}.Release|Any CPU.Build.0 = Release|Any CPU
		{00131FA0-7E8A-5F46-FFD0-545624E2370F}.Debug|Any CPU.ActiveCfg = Debug|Any CPU
		{00131FA0-7E8A-5F46-FFD0-545624E2370F}.Debug|Any CPU.Build.0 = Debug|Any CPU
		{00131FA0-7E8A-5F46-FFD0-545624E2370F}.Release|Any CPU.ActiveCfg = Release|Any CPU
		{00131FA0-7E8A-5F46-FFD0-545624E2370F}.Release|Any CPU.Build.0 = Release|Any CPU
		{4CCEDB6F-42C5-5D41-225B-2323849B40B2}.Debug|Any CPU.ActiveCfg = Debug|Any CPU
		{4CCEDB6F-42C5-5D41-225B-2323849B40B2}.Debug|Any CPU.Build.0 = Debug|Any CPU
		{4CCEDB6F-42C5-5D41-225B-2323849B40B2}.Release|Any CPU.ActiveCfg = Release|Any CPU
		{4CCEDB6F-42C5-5D41-225B-2323849B40B2}.Release|Any CPU.Build.0 = Release|Any CPU
	EndGlobalSection
	GlobalSection(SolutionProperties) = preSolution
		HideSolutionNode = FALSE
	EndGlobalSection
	GlobalSection(NestedProjects) = preSolution
		{B28CC3D9-7B17-64ED-8158-940D986F5D08} = {02EA681E-C7D8-13C7-8484-4AC65E1B71E8}
		{F4E901F2-FF49-129B-C14F-73C054A81113} = {812E93F4-E256-47A6-AFFE-AC2E4654E193}
		{365BB756-177E-EECA-B021-7F5B94857179} = {812E93F4-E256-47A6-AFFE-AC2E4654E193}
		{4D5BB200-2DFD-4942-0BC5-D52FBF78166D} = {02EA681E-C7D8-13C7-8484-4AC65E1B71E8}
		{427AB059-1378-3826-886C-62F3E779DCC9} = {02EA681E-C7D8-13C7-8484-4AC65E1B71E8}
		{00131FA0-7E8A-5F46-FFD0-545624E2370F} = {02EA681E-C7D8-13C7-8484-4AC65E1B71E8}
		{4CCEDB6F-42C5-5D41-225B-2323849B40B2} = {02EA681E-C7D8-13C7-8484-4AC65E1B71E8}
	EndGlobalSection
	GlobalSection(ExtensibilityGlobals) = postSolution
		SolutionGuid = {F0D10E7C-1501-430D-A354-C40E97C39E8B}
	EndGlobalSection
EndGlobal
