
Microsoft Visual Studio Solution File, Format Version 12.00
# Visual Studio Version 17
VisualStudioVersion = 17.14.36301.6 d17.14
MinimumVisualStudioVersion = 10.0.40219.1
Project("{FAE04EC0-301F-11D3-BF4B-00C04F79EFBC}") = "Electricity.Api", "Electricity.Api\Electricity.Api.csproj", "{37C30984-D3CE-4488-A4AA-7C3F54FFD40E}"
EndProject
Project("{2150E333-8FDC-42A3-9474-1A3956D46DE8}") = "src", "src", "{02EA681E-C7D8-13C7-8484-4AC65E1B71E8}"
EndProject
Project("{FAE04EC0-301F-11D3-BF4B-00C04F79EFBC}") = "Electricity.Api", "src\Electricity.Api\Electricity.Api.csproj", "{B28CC3D9-7B17-64ED-8158-940D986F5D08}"
EndProject
Global
	GlobalSection(SolutionConfigurationPlatforms) = preSolution
		Debug|Any CPU = Debug|Any CPU
		Release|Any CPU = Release|Any CPU
	EndGlobalSection
	GlobalSection(ProjectConfigurationPlatforms) = postSolution
		{37C30984-D3CE-4488-A4AA-7C3F54FFD40E}.Debug|Any CPU.ActiveCfg = Debug|Any CPU
		{37C30984-D3CE-4488-A4AA-7C3F54FFD40E}.Debug|Any CPU.Build.0 = Debug|Any CPU
		{37C30984-D3CE-4488-A4AA-7C3F54FFD40E}.Release|Any CPU.ActiveCfg = Release|Any CPU
		{37C30984-D3CE-4488-A4AA-7C3F54FFD40E}.Release|Any CPU.Build.0 = Release|Any CPU
		{B28CC3D9-7B17-64ED-8158-940D986F5D08}.Debug|Any CPU.ActiveCfg = Debug|Any CPU
		{B28CC3D9-7B17-64ED-8158-940D986F5D08}.Debug|Any CPU.Build.0 = Debug|Any CPU
		{B28CC3D9-7B17-64ED-8158-940D986F5D08}.Release|Any CPU.ActiveCfg = Release|Any CPU
		{B28CC3D9-7B17-64ED-8158-940D986F5D08}.Release|Any CPU.Build.0 = Release|Any CPU
	EndGlobalSection
	GlobalSection(SolutionProperties) = preSolution
		HideSolutionNode = FALSE
	EndGlobalSection
	GlobalSection(NestedProjects) = preSolution
		{37C30984-D3CE-4488-A4AA-7C3F54FFD40E} = {02EA681E-C7D8-13C7-8484-4AC65E1B71E8}
		{B28CC3D9-7B17-64ED-8158-940D986F5D08} = {02EA681E-C7D8-13C7-8484-4AC65E1B71E8}
	EndGlobalSection
	GlobalSection(ExtensibilityGlobals) = postSolution
		SolutionGuid = {F0D10E7C-1501-430D-A354-C40E97C39E8B}
	EndGlobalSection
EndGlobal
